
Microsoft Visual Studio Solution File, Format Version 12.00
# Visual Studio 15
VisualStudioVersion = 15.0.28307.271
MinimumVisualStudioVersion = 10.0.40219.1
Project("{FAE04EC0-301F-11D3-BF4B-00C04F79EFBC}") = "GoatFarm", "GoatFarm\GoatFarm.csproj", "{C96CDF83-7350-46B6-B472-71640AAE0337}"
EndProject
Project("{FAE04EC0-301F-11D3-BF4B-00C04F79EFBC}") = "WebApi", "WebApi\WebApi.csproj", "{D4D074D7-4991-487D-BD94-6E4005C28EBB}"
EndProject
Project("{FAE04EC0-301F-11D3-BF4B-00C04F79EFBC}") = "Model", "Model\Model.csproj", "{F93A3F17-E1A5-4697-9E40-B5A78A0F407B}"
EndProject
Project("{FAE04EC0-301F-11D3-BF4B-00C04F79EFBC}") = "Data", "Data\Data.csproj", "{66842968-D257-4986-8E14-5732AB9AC495}"
EndProject
Project("{FAE04EC0-301F-11D3-BF4B-00C04F79EFBC}") = "Service", "Service\Service.csproj", "{D7F01BFA-F422-4E33-9EFA-E9085E9B588B}"
EndProject
Global
	GlobalSection(SolutionConfigurationPlatforms) = preSolution
		Debug|Any CPU = Debug|Any CPU
		Release|Any CPU = Release|Any CPU
	EndGlobalSection
	GlobalSection(ProjectConfigurationPlatforms) = postSolution
		{C96CDF83-7350-46B6-B472-71640AAE0337}.Debug|Any CPU.ActiveCfg = Debug|Any CPU
		{C96CDF83-7350-46B6-B472-71640AAE0337}.Debug|Any CPU.Build.0 = Debug|Any CPU
		{C96CDF83-7350-46B6-B472-71640AAE0337}.Release|Any CPU.ActiveCfg = Release|Any CPU
		{C96CDF83-7350-46B6-B472-71640AAE0337}.Release|Any CPU.Build.0 = Release|Any CPU
		{D4D074D7-4991-487D-BD94-6E4005C28EBB}.Debug|Any CPU.ActiveCfg = Debug|Any CPU
		{D4D074D7-4991-487D-BD94-6E4005C28EBB}.Debug|Any CPU.Build.0 = Debug|Any CPU
		{D4D074D7-4991-487D-BD94-6E4005C28EBB}.Release|Any CPU.ActiveCfg = Release|Any CPU
		{D4D074D7-4991-487D-BD94-6E4005C28EBB}.Release|Any CPU.Build.0 = Release|Any CPU
		{F93A3F17-E1A5-4697-9E40-B5A78A0F407B}.Debug|Any CPU.ActiveCfg = Debug|Any CPU
		{F93A3F17-E1A5-4697-9E40-B5A78A0F407B}.Debug|Any CPU.Build.0 = Debug|Any CPU
		{F93A3F17-E1A5-4697-9E40-B5A78A0F407B}.Release|Any CPU.ActiveCfg = Release|Any CPU
		{F93A3F17-E1A5-4697-9E40-B5A78A0F407B}.Release|Any CPU.Build.0 = Release|Any CPU
		{66842968-D257-4986-8E14-5732AB9AC495}.Debug|Any CPU.ActiveCfg = Debug|Any CPU
		{66842968-D257-4986-8E14-5732AB9AC495}.Debug|Any CPU.Build.0 = Debug|Any CPU
		{66842968-D257-4986-8E14-5732AB9AC495}.Release|Any CPU.ActiveCfg = Release|Any CPU
		{66842968-D257-4986-8E14-5732AB9AC495}.Release|Any CPU.Build.0 = Release|Any CPU
		{D7F01BFA-F422-4E33-9EFA-E9085E9B588B}.Debug|Any CPU.ActiveCfg = Debug|Any CPU
		{D7F01BFA-F422-4E33-9EFA-E9085E9B588B}.Debug|Any CPU.Build.0 = Debug|Any CPU
		{D7F01BFA-F422-4E33-9EFA-E9085E9B588B}.Release|Any CPU.ActiveCfg = Release|Any CPU
		{D7F01BFA-F422-4E33-9EFA-E9085E9B588B}.Release|Any CPU.Build.0 = Release|Any CPU
	EndGlobalSection
	GlobalSection(SolutionProperties) = preSolution
		HideSolutionNode = FALSE
	EndGlobalSection
	GlobalSection(ExtensibilityGlobals) = postSolution
		SolutionGuid = {B68F41E0-8D7A-4463-A5DE-08F2FCF58918}
	EndGlobalSection
EndGlobal
